
Microsoft Visual Studio Solution File, Format Version 12.00
# Visual Studio Version 17
VisualStudioVersion = 17.1.32319.34
MinimumVisualStudioVersion = 10.0.40219.1
Project("{9A19103F-16F7-4668-BE54-9A1E7A4F7556}") = "itr", "itr\itr.csproj", "{C698FD02-8BFF-4CE0-B99F-0C66C39A80BF}"
EndProject
Global
	GlobalSection(SolutionConfigurationPlatforms) = preSolution
		Debug|Any CPU = Debug|Any CPU
		Release|Any CPU = Release|Any CPU
	EndGlobalSection
	GlobalSection(ProjectConfigurationPlatforms) = postSolution
		{C698FD02-8BFF-4CE0-B99F-0C66C39A80BF}.Debug|Any CPU.ActiveCfg = Debug|Any CPU
		{C698FD02-8BFF-4CE0-B99F-0C66C39A80BF}.Debug|Any CPU.Build.0 = Debug|Any CPU
		{C698FD02-8BFF-4CE0-B99F-0C66C39A80BF}.Release|Any CPU.ActiveCfg = Release|Any CPU
		{C698FD02-8BFF-4CE0-B99F-0C66C39A80BF}.Release|Any CPU.Build.0 = Release|Any CPU
	EndGlobalSection
	GlobalSection(SolutionProperties) = preSolution
		HideSolutionNode = FALSE
	EndGlobalSection
	GlobalSection(ExtensibilityGlobals) = postSolution
		SolutionGuid = {6A1B4BB7-EB6D-4AB9-8294-FC4C1F62F288}
	EndGlobalSection
EndGlobal
